
Microsoft Visual Studio Solution File, Format Version 12.00
# Visual Studio Version 16
VisualStudioVersion = 16.0.30114.105
MinimumVisualStudioVersion = 10.0.40219.1
Project("{FAE04EC0-301F-11D3-BF4B-00C04F79EFBC}") = "API", "API\API.csproj", "{2F1B9EE4-2916-4B7E-8795-6936BB156DCD}"
EndProject
Project("{FAE04EC0-301F-11D3-BF4B-00C04F79EFBC}") = "UnitTest", "UnitTest\UnitTest.csproj", "{A1B9FABD-E377-4C01-ABA7-562DA64D3B57}"
EndProject
Global
	GlobalSection(SolutionConfigurationPlatforms) = preSolution
		Debug|Any CPU = Debug|Any CPU
		Release|Any CPU = Release|Any CPU
	EndGlobalSection
	GlobalSection(ProjectConfigurationPlatforms) = postSolution
		{2F1B9EE4-2916-4B7E-8795-6936BB156DCD}.Debug|Any CPU.ActiveCfg = Debug|Any CPU
		{2F1B9EE4-2916-4B7E-8795-6936BB156DCD}.Debug|Any CPU.Build.0 = Debug|Any CPU
		{2F1B9EE4-2916-4B7E-8795-6936BB156DCD}.Release|Any CPU.ActiveCfg = Release|Any CPU
		{2F1B9EE4-2916-4B7E-8795-6936BB156DCD}.Release|Any CPU.Build.0 = Release|Any CPU
		{A1B9FABD-E377-4C01-ABA7-562DA64D3B57}.Debug|Any CPU.ActiveCfg = Debug|Any CPU
		{A1B9FABD-E377-4C01-ABA7-562DA64D3B57}.Debug|Any CPU.Build.0 = Debug|Any CPU
		{A1B9FABD-E377-4C01-ABA7-562DA64D3B57}.Release|Any CPU.ActiveCfg = Release|Any CPU
		{A1B9FABD-E377-4C01-ABA7-562DA64D3B57}.Release|Any CPU.Build.0 = Release|Any CPU
	EndGlobalSection
	GlobalSection(SolutionProperties) = preSolution
		HideSolutionNode = FALSE
	EndGlobalSection
	GlobalSection(ExtensibilityGlobals) = postSolution
		SolutionGuid = {F08B2C69-87C1-4C8C-82B0-E6AFBFF94A1E}
	EndGlobalSection
EndGlobal
